
Microsoft Visual Studio Solution File, Format Version 12.00
# Visual Studio Version 17
VisualStudioVersion = 17.4.33103.184
MinimumVisualStudioVersion = 10.0.40219.1
Project("{FAE04EC0-301F-11D3-BF4B-00C04F79EFBC}") = "PhotoSharingApplication", "PhotoSharingApplication\PhotoSharingApplication.csproj", "{5DE10633-CE08-49AB-882E-BEEB7F052296}"
EndProject
Global
	GlobalSection(SolutionConfigurationPlatforms) = preSolution
		Debug|Any CPU = Debug|Any CPU
		Release|Any CPU = Release|Any CPU
	EndGlobalSection
	GlobalSection(ProjectConfigurationPlatforms) = postSolution
		{5DE10633-CE08-49AB-882E-BEEB7F052296}.Debug|Any CPU.ActiveCfg = Debug|Any CPU
		{5DE10633-CE08-49AB-882E-BEEB7F052296}.Debug|Any CPU.Build.0 = Debug|Any CPU
		{5DE10633-CE08-49AB-882E-BEEB7F052296}.Release|Any CPU.ActiveCfg = Release|Any CPU
		{5DE10633-CE08-49AB-882E-BEEB7F052296}.Release|Any CPU.Build.0 = Release|Any CPU
	EndGlobalSection
	GlobalSection(SolutionProperties) = preSolution
		HideSolutionNode = FALSE
	EndGlobalSection
	GlobalSection(ExtensibilityGlobals) = postSolution
		SolutionGuid = {C630497A-0691-4E18-8A5A-2138D78150DE}
	EndGlobalSection
EndGlobal
